// !$*UTF8*$!
{
	archiveVersion = 1;
	classes = {
	};
	objectVersion = 77;
	objects = {

/* Begin PBXContainerItemProxy section */
		F07579712EE7BD0B006A138F /* PBXContainerItemProxy */ = {
			isa = PBXContainerItemProxy;
			containerPortal = F07579572EE7BD0A006A138F /* Project object */;
			proxyType = 1;
			remoteGlobalIDString = F075795E2EE7BD0A006A138F;
			remoteInfo = TreeOfChoice;
		};
		F075797B2EE7BD0C006A138F /* PBXContainerItemProxy */ = {
			isa = PBXContainerItemProxy;
			containerPortal = F07579572EE7BD0A006A138F /* Project object */;
			proxyType = 1;
			remoteGlobalIDString = F075795E2EE7BD0A006A138F;
			remoteInfo = TreeOfChoice;
		};
/* End PBXContainerItemProxy section */

/* Begin PBXFileReference section */
		F075795F2EE7BD0A006A138F /* TreeOfChoice.app */ = {isa = PBXFileReference; explicitFileType = wrapper.application; includeInIndex = 0; path = TreeOfChoice.app; sourceTree = BUILT_PRODUCTS_DIR; };
		F07579702EE7BD0B006A138F /* TreeOfChoiceTests.xctest */ = {isa = PBXFileReference; explicitFileType = wrapper.cfbundle; includeInIndex = 0; path = TreeOfChoiceTests.xctest; sourceTree = BUILT_PRODUCTS_DIR; };
		F075797A2EE7BD0C006A138F /* TreeOfChoiceUITests.xctest */ = {isa = PBXFileReference; explicitFileType = wrapper.cfbundle; includeInIndex = 0; path = TreeOfChoiceUITests.xctest; sourceTree = BUILT_PRODUCTS_DIR; };
/* End PBXFileReference section */

/* Begin PBXFileSystemSynchronizedBuildFileExceptionSet section */
		F0D7B68D2EE7CC8500A65206 /* Exceptions for "TreeOfChoice" folder in "TreeOfChoice" target */ = {
			isa = PBXFileSystemSynchronizedBuildFileExceptionSet;
			membershipExceptions = (
				AI/NeuralNetworks/Untitled.swift,
				App/Shell/ModeLauncherView.swift,
				App/Shell/Untitled.swift,
				Modes/LabConnect/UX/Components/FirewallComponentView.swift,
				Shared/NetworkTopology/UX/Components/Infrastructure/RouterComponentView.swift,
				Shared/NetworkTopology/UX/Components/Infrastructure/ServerComponentView.swift,
				Shared/NetworkTopology/UX/Components/Security/FirewallComponentView.swift,
			);
			target = F075795E2EE7BD0A006A138F /* TreeOfChoice */;
		};
/* End PBXFileSystemSynchronizedBuildFileExceptionSet section */

/* Begin PBXFileSystemSynchronizedGroupBuildPhaseMembershipExceptionSet section */
		F0D7B6AC2EE7D47000A65206 /* Exceptions for "TreeOfChoice" folder in "Copy Bundle Resources" phase from "TreeOfChoice" target */ = {
			isa = PBXFileSystemSynchronizedGroupBuildPhaseMembershipExceptionSet;
			buildPhase = F075795D2EE7BD0A006A138F /* Resources */;
			membershipExceptions = (
				App/Shell/ModeLauncherView.swift,
			);
		};
/* End PBXFileSystemSynchronizedGroupBuildPhaseMembershipExceptionSet section */

/* Begin PBXFileSystemSynchronizedRootGroup section */
		F07579612EE7BD0A006A138F /* TreeOfChoice */ = {
			isa = PBXFileSystemSynchronizedRootGroup;
			exceptions = (
				F0D7B68D2EE7CC8500A65206 /* Exceptions for "TreeOfChoice" folder in "TreeOfChoice" target */,
				F0D7B6AC2EE7D47000A65206 /* Exceptions for "TreeOfChoice" folder in "Copy Bundle Resources" phase from "TreeOfChoice" target */,
			);
			path = TreeOfChoice;
			sourceTree = "<group>";
		};
		F07579732EE7BD0B006A138F /* TreeOfChoiceTests */ = {
			isa = PBXFileSystemSynchronizedRootGroup;
			path = TreeOfChoiceTests;
			sourceTree = "<group>";
		};
		F075797D2EE7BD0C006A138F /* TreeOfChoiceUITests */ = {
			isa = PBXFileSystemSynchronizedRootGroup;
			path = TreeOfChoiceUITests;
			sourceTree = "<group>";
		};
/* End PBXFileSystemSynchronizedRootGroup section */

/* Begin PBXFrameworksBuildPhase section */
		F075795C2EE7BD0A006A138F /* Frameworks */ = {
			isa = PBXFrameworksBuildPhase;
			buildActionMask = 2147483647;
			files = (
			);
			runOnlyForDeploymentPostprocessing = 0;
		};
		F075796D2EE7BD0B006A138F /* Frameworks */ = {
			isa = PBXFrameworksBuildPhase;
			buildActionMask = 2147483647;
			files = (
			);
			runOnlyForDeploymentPostprocessing = 0;
		};
		F07579772EE7BD0C006A138F /* Frameworks */ = {
			isa = PBXFrameworksBuildPhase;
			buildActionMask = 2147483647;
			files = (
			);
			runOnlyForDeploymentPostprocessing = 0;
		};
/* End PBXFrameworksBuildPhase section */

/* Begin PBXGroup section */
		F07579562EE7BD0A006A138F = {
			isa = PBXGroup;
			children = (
				F07579612EE7BD0A006A138F /* TreeOfChoice */,
				F07579732EE7BD0B006A138F /* TreeOfChoiceTests */,
				F075797D2EE7BD0C006A138F /* TreeOfChoiceUITests */,
				F07579602EE7BD0A006A138F /* Products */,
			);
			sourceTree = "<group>";
		};
		F07579602EE7BD0A006A138F /* Products */ = {
			isa = PBXGroup;
			children = (
				F075795F2EE7BD0A006A138F /* TreeOfChoice.app */,
				F07579702EE7BD0B006A138F /* TreeOfChoiceTests.xctest */,
				F075797A2EE7BD0C006A138F /* TreeOfChoiceUITests.xctest */,
			);
			name = Products;
			sourceTree = "<group>";
		};
/* End PBXGroup section */

/* Begin PBXNativeTarget section */
		F075795E2EE7BD0A006A138F /* TreeOfChoice */ = {
			isa = PBXNativeTarget;
			buildConfigurationList = F07579842EE7BD0C006A138F /* Build configuration list for PBXNativeTarget "TreeOfChoice" */;
			buildPhases = (
				F075795B2EE7BD0A006A138F /* Sources */,
				F075795C2EE7BD0A006A138F /* Frameworks */,
				F075795D2EE7BD0A006A138F /* Resources */,
			);
			buildRules = (
			);
			dependencies = (
			);
			fileSystemSynchronizedGroups = (
				F07579612EE7BD0A006A138F /* TreeOfChoice */,
			);
			name = TreeOfChoice;
			packageProductDependencies = (
			);
			productName = TreeOfChoice;
			productReference = F075795F2EE7BD0A006A138F /* TreeOfChoice.app */;
			productType = "com.apple.product-type.application";
		};
		F075796F2EE7BD0B006A138F /* TreeOfChoiceTests */ = {
			isa = PBXNativeTarget;
			buildConfigurationList = F07579872EE7BD0C006A138F /* Build configuration list for PBXNativeTarget "TreeOfChoiceTests" */;
			buildPhases = (
				F075796C2EE7BD0B006A138F /* Sources */,
				F075796D2EE7BD0B006A138F /* Frameworks */,
				F075796E2EE7BD0B006A138F /* Resources */,
			);
			buildRules = (
			);
			dependencies = (
				F07579722EE7BD0B006A138F /* PBXTargetDependency */,
			);
			fileSystemSynchronizedGroups = (
				F07579732EE7BD0B006A138F /* TreeOfChoiceTests */,
			);
			name = TreeOfChoiceTests;
			packageProductDependencies = (
			);
			productName = TreeOfChoiceTests;
			productReference = F07579702EE7BD0B006A138F /* TreeOfChoiceTests.xctest */;
			productType = "com.apple.product-type.bundle.unit-test";
		};
		F07579792EE7BD0C006A138F /* TreeOfChoiceUITests */ = {
			isa = PBXNativeTarget;
			buildConfigurationList = F075798A2EE7BD0C006A138F /* Build configuration list for PBXNativeTarget "TreeOfChoiceUITests" */;
			buildPhases = (
				F07579762EE7BD0C006A138F /* Sources */,
				F07579772EE7BD0C006A138F /* Frameworks */,
				F07579782EE7BD0C006A138F /* Resources */,
			);
			buildRules = (
			);
			dependencies = (
				F075797C2EE7BD0C006A138F /* PBXTargetDependency */,
			);
			fileSystemSynchronizedGroups = (
				F075797D2EE7BD0C006A138F /* TreeOfChoiceUITests */,
			);
			name = TreeOfChoiceUITests;
			packageProductDependencies = (
			);
			productName = TreeOfChoiceUITests;
			productReference = F075797A2EE7BD0C006A138F /* TreeOfChoiceUITests.xctest */;
			productType = "com.apple.product-type.bundle.ui-testing";
		};
/* End PBXNativeTarget section */

/* Begin PBXProject section */
		F07579572EE7BD0A006A138F /* Project object */ = {
			isa = PBXProject;
			attributes = {
				BuildIndependentTargetsInParallel = 1;
				LastSwiftUpdateCheck = 1620;
				LastUpgradeCheck = 1620;
				TargetAttributes = {
					F075795E2EE7BD0A006A138F = {
						CreatedOnToolsVersion = 16.2;
					};
					F075796F2EE7BD0B006A138F = {
						CreatedOnToolsVersion = 16.2;
						TestTargetID = F075795E2EE7BD0A006A138F;
					};
					F07579792EE7BD0C006A138F = {
						CreatedOnToolsVersion = 16.2;
						TestTargetID = F075795E2EE7BD0A006A138F;
					};
				};
			};
			buildConfigurationList = F075795A2EE7BD0A006A138F /* Build configuration list for PBXProject "TreeOfChoice" */;
			developmentRegion = en;
			hasScannedForEncodings = 0;
			knownRegions = (
				en,
				Base,
			);
			mainGroup = F07579562EE7BD0A006A138F;
			minimizedProjectReferenceProxies = 1;
			preferredProjectObjectVersion = 77;
			productRefGroup = F07579602EE7BD0A006A138F /* Products */;
			projectDirPath = "";
			projectRoot = "";
			targets = (
				F075795E2EE7BD0A006A138F /* TreeOfChoice */,
				F075796F2EE7BD0B006A138F /* TreeOfChoiceTests */,
				F07579792EE7BD0C006A138F /* TreeOfChoiceUITests */,
			);
		};
/* End PBXProject section */

/* Begin PBXResourcesBuildPhase section */
		F075795D2EE7BD0A006A138F /* Resources */ = {
			isa = PBXResourcesBuildPhase;
			buildActionMask = 2147483647;
			files = (
			);
			runOnlyForDeploymentPostprocessing = 0;
		};
		F075796E2EE7BD0B006A138F /* Resources */ = {
			isa = PBXResourcesBuildPhase;
			buildActionMask = 2147483647;
			files = (
			);
			runOnlyForDeploymentPostprocessing = 0;
		};
		F07579782EE7BD0C006A138F /* Resources */ = {
			isa = PBXResourcesBuildPhase;
			buildActionMask = 2147483647;
			files = (
			);
			runOnlyForDeploymentPostprocessing = 0;
		};
/* End PBXResourcesBuildPhase section */

/* Begin PBXSourcesBuildPhase section */
		F075795B2EE7BD0A006A138F /* Sources */ = {
			isa = PBXSourcesBuildPhase;
			buildActionMask = 2147483647;
			files = (
			);
			runOnlyForDeploymentPostprocessing = 0;
		};
		F075796C2EE7BD0B006A138F /* Sources */ = {
			isa = PBXSourcesBuildPhase;
			buildActionMask = 2147483647;
			files = (
			);
			runOnlyForDeploymentPostprocessing = 0;
		};
		F07579762EE7BD0C006A138F /* Sources */ = {
			isa = PBXSourcesBuildPhase;
			buildActionMask = 2147483647;
			files = (
			);
			runOnlyForDeploymentPostprocessing = 0;
		};
/* End PBXSourcesBuildPhase section */

/* Begin PBXTargetDependency section */
		F07579722EE7BD0B006A138F /* PBXTargetDependency */ = {
			isa = PBXTargetDependency;
			target = F075795E2EE7BD0A006A138F /* TreeOfChoice */;
			targetProxy = F07579712EE7BD0B006A138F /* PBXContainerItemProxy */;
		};
		F075797C2EE7BD0C006A138F /* PBXTargetDependency */ = {
			isa = PBXTargetDependency;
			target = F075795E2EE7BD0A006A138F /* TreeOfChoice */;
			targetProxy = F075797B2EE7BD0C006A138F /* PBXContainerItemProxy */;
		};
/* End PBXTargetDependency section */

/* Begin XCBuildConfiguration section */
		F07579822EE7BD0C006A138F /* Debug */ = {
			isa = XCBuildConfiguration;
			buildSettings = {
				ALWAYS_SEARCH_USER_PATHS = NO;
				ASSETCATALOG_COMPILER_GENERATE_SWIFT_ASSET_SYMBOL_EXTENSIONS = YES;
				CLANG_ANALYZER_NONNULL = YES;
				CLANG_ANALYZER_NUMBER_OBJECT_CONVERSION = YES_AGGRESSIVE;
				CLANG_CXX_LANGUAGE_STANDARD = "gnu++20";
				CLANG_ENABLE_MODULES = YES;
				CLANG_ENABLE_OBJC_ARC = YES;
				CLANG_ENABLE_OBJC_WEAK = YES;
				CLANG_WARN_BLOCK_CAPTURE_AUTORELEASING = YES;
				CLANG_WARN_BOOL_CONVERSION = YES;
				CLANG_WARN_COMMA = YES;
				CLANG_WARN_CONSTANT_CONVERSION = YES;
				CLANG_WARN_DEPRECATED_OBJC_IMPLEMENTATIONS = YES;
				CLANG_WARN_DIRECT_OBJC_ISA_USAGE = YES_ERROR;
				CLANG_WARN_DOCUMENTATION_COMMENTS = YES;
				CLANG_WARN_EMPTY_BODY = YES;
				CLANG_WARN_ENUM_CONVERSION = YES;
				CLANG_WARN_INFINITE_RECURSION = YES;
				CLANG_WARN_INT_CONVERSION = YES;
				CLANG_WARN_NON_LITERAL_NULL_CONVERSION = YES;
				CLANG_WARN_OBJC_IMPLICIT_RETAIN_SELF = YES;
				CLANG_WARN_OBJC_LITERAL_CONVERSION = YES;
				CLANG_WARN_OBJC_ROOT_CLASS = YES_ERROR;
				CLANG_WARN_QUOTED_INCLUDE_IN_FRAMEWORK_HEADER = YES;
				CLANG_WARN_RANGE_LOOP_ANALYSIS = YES;
				CLANG_WARN_STRICT_PROTOTYPES = YES;
				CLANG_WARN_SUSPICIOUS_MOVE = YES;
				CLANG_WARN_UNGUARDED_AVAILABILITY = YES_AGGRESSIVE;
				CLANG_WARN_UNREACHABLE_CODE = YES;
				CLANG_WARN__DUPLICATE_METHOD_MATCH = YES;
				COPY_PHASE_STRIP = NO;
				DEBUG_INFORMATION_FORMAT = dwarf;
				ENABLE_STRICT_OBJC_MSGSEND = YES;
				ENABLE_TESTABILITY = YES;
				ENABLE_USER_SCRIPT_SANDBOXING = YES;
				GCC_C_LANGUAGE_STANDARD = gnu17;
				GCC_DYNAMIC_NO_PIC = NO;
				GCC_NO_COMMON_BLOCKS = YES;
				GCC_OPTIMIZATION_LEVEL = 0;
				GCC_PREPROCESSOR_DEFINITIONS = (
					"DEBUG=1",
					"$(inherited)",
				);
				GCC_WARN_64_TO_32_BIT_CONVERSION = YES;
				GCC_WARN_ABOUT_RETURN_TYPE = YES_ERROR;
				GCC_WARN_UNDECLARED_SELECTOR = YES;
				GCC_WARN_UNINITIALIZED_AUTOS = YES_AGGRESSIVE;
				GCC_WARN_UNUSED_FUNCTION = YES;
				GCC_WARN_UNUSED_VARIABLE = YES;
				LOCALIZATION_PREFERS_STRING_CATALOGS = YES;
				MTL_ENABLE_DEBUG_INFO = INCLUDE_SOURCE;
				MTL_FAST_MATH = YES;
				ONLY_ACTIVE_ARCH = YES;
				SWIFT_ACTIVE_COMPILATION_CONDITIONS = "DEBUG $(inherited)";
				SWIFT_OPTIMIZATION_LEVEL = "-Onone";
			};
			name = Debug;
		};
		F07579832EE7BD0C006A138F /* Release */ = {
			isa = XCBuildConfiguration;
			buildSettings = {
				ALWAYS_SEARCH_USER_PATHS = NO;
				ASSETCATALOG_COMPILER_GENERATE_SWIFT_ASSET_SYMBOL_EXTENSIONS = YES;
				CLANG_ANALYZER_NONNULL = YES;
				CLANG_ANALYZER_NUMBER_OBJECT_CONVERSION = YES_AGGRESSIVE;
				CLANG_CXX_LANGUAGE_STANDARD = "gnu++20";
				CLANG_ENABLE_MODULES = YES;
				CLANG_ENABLE_OBJC_ARC = YES;
				CLANG_ENABLE_OBJC_WEAK = YES;
				CLANG_WARN_BLOCK_CAPTURE_AUTORELEASING = YES;
				CLANG_WARN_BOOL_CONVERSION = YES;
				CLANG_WARN_COMMA = YES;
				CLANG_WARN_CONSTANT_CONVERSION = YES;
				CLANG_WARN_DEPRECATED_OBJC_IMPLEMENTATIONS = YES;
				CLANG_WARN_DIRECT_OBJC_ISA_USAGE = YES_ERROR;
				CLANG_WARN_DOCUMENTATION_COMMENTS = YES;
				CLANG_WARN_EMPTY_BODY = YES;
				CLANG_WARN_ENUM_CONVERSION = YES;
				CLANG_WARN_INFINITE_RECURSION = YES;
				CLANG_WARN_INT_CONVERSION = YES;
				CLANG_WARN_NON_LITERAL_NULL_CONVERSION = YES;
				CLANG_WARN_OBJC_IMPLICIT_RETAIN_SELF = YES;
				CLANG_WARN_OBJC_LITERAL_CONVERSION = YES;
				CLANG_WARN_OBJC_ROOT_CLASS = YES_ERROR;
				CLANG_WARN_QUOTED_INCLUDE_IN_FRAMEWORK_HEADER = YES;
				CLANG_WARN_RANGE_LOOP_ANALYSIS = YES;
				CLANG_WARN_STRICT_PROTOTYPES = YES;
				CLANG_WARN_SUSPICIOUS_MOVE = YES;
				CLANG_WARN_UNGUARDED_AVAILABILITY = YES_AGGRESSIVE;
				CLANG_WARN_UNREACHABLE_CODE = YES;
				CLANG_WARN__DUPLICATE_METHOD_MATCH = YES;
				COPY_PHASE_STRIP = NO;
				DEBUG_INFORMATION_FORMAT = "dwarf-with-dsym";
				ENABLE_NS_ASSERTIONS = NO;
				ENABLE_STRICT_OBJC_MSGSEND = YES;
				ENABLE_USER_SCRIPT_SANDBOXING = YES;
				GCC_C_LANGUAGE_STANDARD = gnu17;
				GCC_NO_COMMON_BLOCKS = YES;
				GCC_WARN_64_TO_32_BIT_CONVERSION = YES;
				GCC_WARN_ABOUT_RETURN_TYPE = YES_ERROR;
				GCC_WARN_UNDECLARED_SELECTOR = YES;
				GCC_WARN_UNINITIALIZED_AUTOS = YES_AGGRESSIVE;
				GCC_WARN_UNUSED_FUNCTION = YES;
				GCC_WARN_UNUSED_VARIABLE = YES;
				LOCALIZATION_PREFERS_STRING_CATALOGS = YES;
				MTL_ENABLE_DEBUG_INFO = NO;
				MTL_FAST_MATH = YES;
				SWIFT_COMPILATION_MODE = wholemodule;
			};
			name = Release;
		};
		F07579852EE7BD0C006A138F /* Debug */ = {
			isa = XCBuildConfiguration;
			buildSettings = {
				ASSETCATALOG_COMPILER_APPICON_NAME = AppIcon;
				ASSETCATALOG_COMPILER_GLOBAL_ACCENT_COLOR_NAME = AccentColor;
				CODE_SIGN_ENTITLEMENTS = TreeOfChoice/TreeOfChoice.entitlements;
				CODE_SIGN_STYLE = Automatic;
				CURRENT_PROJECT_VERSION = 1;
				DEVELOPMENT_ASSET_PATHS = "\"TreeOfChoice/Preview Content\"";
				DEVELOPMENT_TEAM = Q8997N27J9;
				ENABLE_HARDENED_RUNTIME = YES;
				ENABLE_PREVIEWS = YES;
				GENERATE_INFOPLIST_FILE = YES;
				"INFOPLIST_KEY_UIApplicationSceneManifest_Generation[sdk=iphoneos*]" = YES;
				"INFOPLIST_KEY_UIApplicationSceneManifest_Generation[sdk=iphonesimulator*]" = YES;
				"INFOPLIST_KEY_UIApplicationSupportsIndirectInputEvents[sdk=iphoneos*]" = YES;
				"INFOPLIST_KEY_UIApplicationSupportsIndirectInputEvents[sdk=iphonesimulator*]" = YES;
				"INFOPLIST_KEY_UILaunchScreen_Generation[sdk=iphoneos*]" = YES;
				"INFOPLIST_KEY_UILaunchScreen_Generation[sdk=iphonesimulator*]" = YES;
				"INFOPLIST_KEY_UIStatusBarStyle[sdk=iphoneos*]" = UIStatusBarStyleDefault;
				"INFOPLIST_KEY_UIStatusBarStyle[sdk=iphonesimulator*]" = UIStatusBarStyleDefault;
				INFOPLIST_KEY_UISupportedInterfaceOrientations_iPad = "UIInterfaceOrientationPortrait UIInterfaceOrientationPortraitUpsideDown UIInterfaceOrientationLandscapeLeft UIInterfaceOrientationLandscapeRight";
				INFOPLIST_KEY_UISupportedInterfaceOrientations_iPhone = "UIInterfaceOrientationPortrait UIInterfaceOrientationLandscapeLeft UIInterfaceOrientationLandscapeRight";
				IPHONEOS_DEPLOYMENT_TARGET = 18.2;
				LD_RUNPATH_SEARCH_PATHS = "@executable_path/Frameworks";
				"LD_RUNPATH_SEARCH_PATHS[sdk=macosx*]" = "@executable_path/../Frameworks";
				MACOSX_DEPLOYMENT_TARGET = 15.2;
				MARKETING_VERSION = 1.0;
				PRODUCT_BUNDLE_IDENTIFIER = TomaPrivate.TreeOfChoice;
				PRODUCT_NAME = "$(TARGET_NAME)";
				SDKROOT = auto;
				SUPPORTED_PLATFORMS = "iphoneos iphonesimulator macosx xros xrsimulator";
				SWIFT_EMIT_LOC_STRINGS = YES;
				SWIFT_VERSION = 5.0;
				TARGETED_DEVICE_FAMILY = "1,2,7";
				XROS_DEPLOYMENT_TARGET = 2.2;
			};
			name = Debug;
		};
		F07579862EE7BD0C006A138F /* Release */ = {
			isa = XCBuildConfiguration;
			buildSettings = {
				ASSETCATALOG_COMPILER_APPICON_NAME = AppIcon;
				ASSETCATALOG_COMPILER_GLOBAL_ACCENT_COLOR_NAME = AccentColor;
				CODE_SIGN_ENTITLEMENTS = TreeOfChoice/TreeOfChoice.entitlements;
				CODE_SIGN_STYLE = Automatic;
				CURRENT_PROJECT_VERSION = 1;
				DEVELOPMENT_ASSET_PATHS = "\"TreeOfChoice/Preview Content\"";
				DEVELOPMENT_TEAM = Q8997N27J9;
				ENABLE_HARDENED_RUNTIME = YES;
				ENABLE_PREVIEWS = YES;
				GENERATE_INFOPLIST_FILE = YES;
				"INFOPLIST_KEY_UIApplicationSceneManifest_Generation[sdk=iphoneos*]" = YES;
				"INFOPLIST_KEY_UIApplicationSceneManifest_Generation[sdk=iphonesimulator*]" = YES;
				"INFOPLIST_KEY_UIApplicationSupportsIndirectInputEvents[sdk=iphoneos*]" = YES;
				"INFOPLIST_KEY_UIApplicationSupportsIndirectInputEvents[sdk=iphonesimulator*]" = YES;
				"INFOPLIST_KEY_UILaunchScreen_Generation[sdk=iphoneos*]" = YES;
				"INFOPLIST_KEY_UILaunchScreen_Generation[sdk=iphonesimulator*]" = YES;
				"INFOPLIST_KEY_UIStatusBarStyle[sdk=iphoneos*]" = UIStatusBarStyleDefault;
				"INFOPLIST_KEY_UIStatusBarStyle[sdk=iphonesimulator*]" = UIStatusBarStyleDefault;
				INFOPLIST_KEY_UISupportedInterfaceOrientations_iPad = "UIInterfaceOrientationPortrait UIInterfaceOrientationPortraitUpsideDown UIInterfaceOrientationLandscapeLeft UIInterfaceOrientationLandscapeRight";
				INFOPLIST_KEY_UISupportedInterfaceOrientations_iPhone = "UIInterfaceOrientationPortrait UIInterfaceOrientationLandscapeLeft UIInterfaceOrientationLandscapeRight";
				IPHONEOS_DEPLOYMENT_TARGET = 18.2;
				LD_RUNPATH_SEARCH_PATHS = "@executable_path/Frameworks";
				"LD_RUNPATH_SEARCH_PATHS[sdk=macosx*]" = "@executable_path/../Frameworks";
				MACOSX_DEPLOYMENT_TARGET = 15.2;
				MARKETING_VERSION = 1.0;
				PRODUCT_BUNDLE_IDENTIFIER = TomaPrivate.TreeOfChoice;
				PRODUCT_NAME = "$(TARGET_NAME)";
				SDKROOT = auto;
				SUPPORTED_PLATFORMS = "iphoneos iphonesimulator macosx xros xrsimulator";
				SWIFT_EMIT_LOC_STRINGS = YES;
				SWIFT_VERSION = 5.0;
				TARGETED_DEVICE_FAMILY = "1,2,7";
				XROS_DEPLOYMENT_TARGET = 2.2;
			};
			name = Release;
		};
		F07579882EE7BD0C006A138F /* Debug */ = {
			isa = XCBuildConfiguration;
			buildSettings = {
				BUNDLE_LOADER = "$(TEST_HOST)";
				CODE_SIGN_STYLE = Automatic;
				CURRENT_PROJECT_VERSION = 1;
				DEVELOPMENT_TEAM = Q8997N27J9;
				GENERATE_INFOPLIST_FILE = YES;
				IPHONEOS_DEPLOYMENT_TARGET = 18.2;
				MACOSX_DEPLOYMENT_TARGET = 15.2;
				MARKETING_VERSION = 1.0;
				PRODUCT_BUNDLE_IDENTIFIER = TomaPrivate.TreeOfChoiceTests;
				PRODUCT_NAME = "$(TARGET_NAME)";
				SDKROOT = auto;
				SUPPORTED_PLATFORMS = "iphoneos iphonesimulator macosx xros xrsimulator";
				SWIFT_EMIT_LOC_STRINGS = NO;
				SWIFT_VERSION = 5.0;
				TARGETED_DEVICE_FAMILY = "1,2,7";
				TEST_HOST = "$(BUILT_PRODUCTS_DIR)/TreeOfChoice.app/$(BUNDLE_EXECUTABLE_FOLDER_PATH)/TreeOfChoice";
				XROS_DEPLOYMENT_TARGET = 2.2;
			};
			name = Debug;
		};
		F07579892EE7BD0C006A138F /* Release */ = {
			isa = XCBuildConfiguration;
			buildSettings = {
				BUNDLE_LOADER = "$(TEST_HOST)";
				CODE_SIGN_STYLE = Automatic;
				CURRENT_PROJECT_VERSION = 1;
				DEVELOPMENT_TEAM = Q8997N27J9;
				GENERATE_INFOPLIST_FILE = YES;
				IPHONEOS_DEPLOYMENT_TARGET = 18.2;
				MACOSX_DEPLOYMENT_TARGET = 15.2;
				MARKETING_VERSION = 1.0;
				PRODUCT_BUNDLE_IDENTIFIER = TomaPrivate.TreeOfChoiceTests;
				PRODUCT_NAME = "$(TARGET_NAME)";
				SDKROOT = auto;
				SUPPORTED_PLATFORMS = "iphoneos iphonesimulator macosx xros xrsimulator";
				SWIFT_EMIT_LOC_STRINGS = NO;
				SWIFT_VERSION = 5.0;
				TARGETED_DEVICE_FAMILY = "1,2,7";
				TEST_HOST = "$(BUILT_PRODUCTS_DIR)/TreeOfChoice.app/$(BUNDLE_EXECUTABLE_FOLDER_PATH)/TreeOfChoice";
				XROS_DEPLOYMENT_TARGET = 2.2;
			};
			name = Release;
		};
		F075798B2EE7BD0C006A138F /* Debug */ = {
			isa = XCBuildConfiguration;
			buildSettings = {
				CODE_SIGN_STYLE = Automatic;
				CURRENT_PROJECT_VERSION = 1;
				DEVELOPMENT_TEAM = Q8997N27J9;
				GENERATE_INFOPLIST_FILE = YES;
				IPHONEOS_DEPLOYMENT_TARGET = 18.2;
				MACOSX_DEPLOYMENT_TARGET = 15.2;
				MARKETING_VERSION = 1.0;
				PRODUCT_BUNDLE_IDENTIFIER = TomaPrivate.TreeOfChoiceUITests;
				PRODUCT_NAME = "$(TARGET_NAME)";
				SDKROOT = auto;
				SUPPORTED_PLATFORMS = "iphoneos iphonesimulator macosx xros xrsimulator";
				SWIFT_EMIT_LOC_STRINGS = NO;
				SWIFT_VERSION = 5.0;
				TARGETED_DEVICE_FAMILY = "1,2,7";
				TEST_TARGET_NAME = TreeOfChoice;
				XROS_DEPLOYMENT_TARGET = 2.2;
			};
			name = Debug;
		};
		F075798C2EE7BD0C006A138F /* Release */ = {
			isa = XCBuildConfiguration;
			buildSettings = {
				CODE_SIGN_STYLE = Automatic;
				CURRENT_PROJECT_VERSION = 1;
				DEVELOPMENT_TEAM = Q8997N27J9;
				GENERATE_INFOPLIST_FILE = YES;
				IPHONEOS_DEPLOYMENT_TARGET = 18.2;
				MACOSX_DEPLOYMENT_TARGET = 15.2;
				MARKETING_VERSION = 1.0;
				PRODUCT_BUNDLE_IDENTIFIER = TomaPrivate.TreeOfChoiceUITests;
				PRODUCT_NAME = "$(TARGET_NAME)";
				SDKROOT = auto;
				SUPPORTED_PLATFORMS = "iphoneos iphonesimulator macosx xros xrsimulator";
				SWIFT_EMIT_LOC_STRINGS = NO;
				SWIFT_VERSION = 5.0;
				TARGETED_DEVICE_FAMILY = "1,2,7";
				TEST_TARGET_NAME = TreeOfChoice;
				XROS_DEPLOYMENT_TARGET = 2.2;
			};
			name = Release;
		};
/* End XCBuildConfiguration section */

/* Begin XCConfigurationList section */
		F075795A2EE7BD0A006A138F /* Build configuration list for PBXProject "TreeOfChoice" */ = {
			isa = XCConfigurationList;
			buildConfigurations = (
				F07579822EE7BD0C006A138F /* Debug */,
				F07579832EE7BD0C006A138F /* Release */,
			);
			defaultConfigurationIsVisible = 0;
			defaultConfigurationName = Release;
		};
		F07579842EE7BD0C006A138F /* Build configuration list for PBXNativeTarget "TreeOfChoice" */ = {
			isa = XCConfigurationList;
			buildConfigurations = (
				F07579852EE7BD0C006A138F /* Debug */,
				F07579862EE7BD0C006A138F /* Release */,
			);
			defaultConfigurationIsVisible = 0;
			defaultConfigurationName = Release;
		};
		F07579872EE7BD0C006A138F /* Build configuration list for PBXNativeTarget "TreeOfChoiceTests" */ = {
			isa = XCConfigurationList;
			buildConfigurations = (
				F07579882EE7BD0C006A138F /* Debug */,
				F07579892EE7BD0C006A138F /* Release */,
			);
			defaultConfigurationIsVisible = 0;
			defaultConfigurationName = Release;
		};
		F075798A2EE7BD0C006A138F /* Build configuration list for PBXNativeTarget "TreeOfChoiceUITests" */ = {
			isa = XCConfigurationList;
			buildConfigurations = (
				F075798B2EE7BD0C006A138F /* Debug */,
				F075798C2EE7BD0C006A138F /* Release */,
			);
			defaultConfigurationIsVisible = 0;
			defaultConfigurationName = Release;
		};
/* End XCConfigurationList section */
	};
	rootObject = F07579572EE7BD0A006A138F /* Project object */;
}
